com.github.tchx84.Flatseal
com.heroicgameslauncher.hgl
com.obsproject.Studio
com.usebottles.bottles
net.pcsx2.PCSX2
org.DolphinEmu.dolphin-emu
org.gnome.Calculator
org.gnome.Calendar
org.gnome.Loupe
org.gnome.Totem
org.kde.kdenlive
org.mozilla.firefox
org.prismlauncher.PrismLauncher
org.yuzu_emu.yuzu
