adwaita-qt6
amd-ucode
base
base-devel
blueman-git
bottom
btrfs-progs
catppuccin-gtk-theme-macchiato
cowsay
darkman
dconf-editor
efibootmgr
everforest-gtk-theme-git
exa
exfat-utils
flatpak
foot
gammastep
git
github-cli
gnome-keyring
gnome-themes-extra
grim
gst-plugin-pipewire
hyprland
hyprpicker
inotify-tools
intellij-idea-ultimate-edition
jdk17-openjdk
lazygit
libpulse
linux
linux-firmware
lolcat
lxsession-gtk3
mako
man-db
nautilus
neovim
networkmanager
nm-connection-editor
nodejs
npm
otf-font-awesome
paru
pavucontrol
pipewire
pipewire-alsa
pipewire-jack
pipewire-pulse
qgnomeplatform-qt6
qt6ct
rclone
ripgrep
rustup
slurp
steam
stow
swappy
sway
swayidle
swaylock-effects
swww
ttf-apple-emoji
ttf-jetbrains-mono-nerd
unzip
waybar
wev
wezterm
wireplumber
wl-clipboard
wlogout
wofi
wofi-emoji
xdg-desktop-portal-hyprland
xdg-user-dirs
yarn
zram-generator
zsh
zsh-completions
