adwaita-qt6
amd-ucode
base
base-devel
blueman
bottom
btrfs-progs
catppuccin-gtk-theme-macchiato
darkman
efibootmgr
everforest-gtk-theme-git
exa
exfat-utils
flatpak
gammastep
git
github-cli
gnome-keyring
gnome-themes-extra
grim
gst-plugin-pipewire
hyprland-git
hyprpicker
intellij-idea-ultimate-edition
jdk17-openjdk
lazygit
libpulse
linux
linux-firmware
lxsession-gtk3
mako
nautilus
neovim
networkmanager
nm-connection-editor
nodejs
npm
otf-font-awesome
paru
pavucontrol
pipewire
pipewire-alsa
pipewire-jack
pipewire-pulse
rclone
ripgrep
slurp
steam
stow
swappy
swayidle
swaylock-effects
swww
ttf-jetbrains-mono-nerd
unzip
waybar
wezterm
wireplumber
wl-clipboard
wlogout
wofi
wofi-emoji
xdg-desktop-portal-hyprland
xdg-user-dirs
yarn
zram-generator
zsh
zsh-completions
